<Project xmlns="http://schemas.microsoft.com/developer/msbuild/2003">
    <PropertyGroup>
        <Base>True</Base>
        <AppType>Console</AppType>
        <Config Condition="'$(Config)'==''">Debug</Config>
        <FrameworkType>None</FrameworkType>
        <MainSource>MapUtil.dpr</MainSource>
        <Platform Condition="'$(Platform)'==''">Win32</Platform>
        <ProjectGuid>{F18173AD-0555-4ECF-9DD9-D82A9E572FA0}</ProjectGuid>
        <ProjectVersion>19.5</ProjectVersion>
        <TargetedPlatforms>1</TargetedPlatforms>
    </PropertyGroup>
    <PropertyGroup Condition="'$(Config)'=='Base' or '$(Base)'!=''">
        <Base>true</Base>
    </PropertyGroup>
    <PropertyGroup Condition="('$(Platform)'=='Win32' and '$(Base)'=='true') or '$(Base_Win32)'!=''">
        <Base_Win32>true</Base_Win32>
        <CfgParent>Base</CfgParent>
        <Base>true</Base>
    </PropertyGroup>
    <PropertyGroup Condition="'$(Config)'=='Debug' or '$(Cfg_1)'!=''">
        <Cfg_1>true</Cfg_1>
        <CfgParent>Base</CfgParent>
        <Base>true</Base>
    </PropertyGroup>
    <PropertyGroup Condition="('$(Platform)'=='Win32' and '$(Cfg_1)'=='true') or '$(Cfg_1_Win32)'!=''">
        <Cfg_1_Win32>true</Cfg_1_Win32>
        <CfgParent>Cfg_1</CfgParent>
        <Cfg_1>true</Cfg_1>
        <Base>true</Base>
    </PropertyGroup>
    <PropertyGroup Condition="'$(Config)'=='Release' or '$(Cfg_2)'!=''">
        <Cfg_2>true</Cfg_2>
        <CfgParent>Base</CfgParent>
        <Base>true</Base>
    </PropertyGroup>
    <PropertyGroup Condition="('$(Platform)'=='Win32' and '$(Cfg_2)'=='true') or '$(Cfg_2_Win32)'!=''">
        <Cfg_2_Win32>true</Cfg_2_Win32>
        <CfgParent>Cfg_2</CfgParent>
        <Cfg_2>true</Cfg_2>
        <Base>true</Base>
    </PropertyGroup>
    <PropertyGroup Condition="'$(Base)'!=''">
        <SanitizedProjectName>MapUtil</SanitizedProjectName>
        <DCC_DcuOutput>dcu</DCC_DcuOutput>
        <DCC_Define>NO_MUSIC;NO_OGG_SOUND;NO_OGL;$(DCC_Define)</DCC_Define>
        <DCC_Namespace>System;Xml;Data;Datasnap;Web;Soap;Vcl;Vcl.Imaging;Vcl.Touch;Vcl.Samples;Vcl.Shell;$(DCC_Namespace)</DCC_Namespace>
        <DCC_UnitSearchPath>..\..;..\..\src;..\..\src\ai;..\..\src\ai\newAI;..\..\src\common;..\..\src\controls;..\..\src\ext;..\..\src\ext\BGRABitmap;..\..\src\ext\LazarusOpenGL;..\..\src\ext\OggVorbis;..\..\src\ext\Overbyte ICS 8;..\..\src\ext\Overbyte ICS 8\Source;..\..\src\ext\Overbyte ICS 8\Source\Extras;..\..\src\ext\Overbyte ICS 8\Source\Include;..\..\src\ext\Overbyte ICS 8\Source\zobj125;..\..\src\ext\Overbyte ICS 8\Source\zobj125\win64;..\..\src\ext\pascalscript_submodule;..\..\src\ext\pascalscript_submodule\Source;..\..\src\ext\Virtual-TreeView;..\..\src\ext\Virtual-TreeView\Source;..\..\src\forms;..\..\src\game;..\..\src\game\gip;..\..\src\game\misc;..\..\src\game\notifications;..\..\src\gui;..\..\src\gui\pages_common;..\..\src\gui\pages_game;..\..\src\gui\pages_maped;..\..\src\gui\pages_maped\menu;..\..\src\gui\pages_maped\mission;..\..\src\gui\pages_maped\player;..\..\src\gui\pages_maped\terrain;..\..\src\gui\pages_maped\town;..\..\src\gui\pages_menu;..\..\src\hands;..\..\src\houses;..\..\src\maped;..\..\src\media;..\..\src\minimap;..\..\src\mission;..\..\src\navmesh;..\..\src\net;..\..\src\net\http;..\..\src\net\other;..\..\src\pathfinding;..\..\src\perflog;..\..\src\render;..\..\src\res;..\..\src\scripting;..\..\src\settings;..\..\src\terrain;..\..\src\units;..\..\src\units\actions;..\..\src\units\tasks;..\..\src\unused;..\..\src\utils;..\..\src\utils\algorithms;..\..\src\utils\io;..\..\src\utils\method_parser;$(DCC_UnitSearchPath)</DCC_UnitSearchPath>
        <VerInfo_Keys>CompanyName=;FileDescription=$(MSBuildProjectName);FileVersion=1.0.0.0;InternalName=;LegalCopyright=;LegalTrademarks=;OriginalFilename=;ProgramID=com.embarcadero.$(MSBuildProjectName);ProductName=$(MSBuildProjectName);ProductVersion=1.0.0.0;Comments=</VerInfo_Keys>
        <VerInfo_Locale>1049</VerInfo_Locale>
    </PropertyGroup>
    <PropertyGroup Condition="'$(Base_Win32)'!=''">
        <AppDPIAwarenessMode>none</AppDPIAwarenessMode>
        <BT_BuildType>Debug</BT_BuildType>
        <DCC_ConsoleTarget>true</DCC_ConsoleTarget>
        <DCC_Namespace>Winapi;System.Win;Data.Win;Datasnap.Win;Web.Win;Soap.Win;Xml.Win;Bde;$(DCC_Namespace)</DCC_Namespace>
        <DCC_UsePackage>DBXSqliteDriver;RESTComponents;DataSnapServerMidas;DBXDb2Driver;DBXInterBaseDriver;vclactnband;vclFireDAC;bindcompvclsmp;emsclientfiredac;DataSnapFireDAC;tethering;svnui;FireDACADSDriver;DBXMSSQLDriver;DatasnapConnectorsFreePascal;FireDACMSSQLDriver;vcltouch;vcldb;bindcompfmx;svn;DBXOracleDriver;inetdb;FmxTeeUI;emsedge;FireDACIBDriver;fmx;fmxdae;vcledge;vclib;FireDACDBXDriver;dbexpress;IndyCore;vclx;dsnap;DataSnapCommon;emsclient;FireDACCommon;RESTBackendComponents;DataSnapConnectors;VCLRESTComponents;soapserver;vclie;bindengine;DBXMySQLDriver;CloudService;FireDACOracleDriver;FireDACMySQLDriver;DBXFirebirdDriver;FireDACCommonODBC;FireDACCommonDriver;DataSnapClient;inet;bindcompdbx;IndyIPCommon;GR32_D;vcl;DBXSybaseASEDriver;IndyIPServer;IndySystem;FireDACDb2Driver;dsnapcon;madExcept_;VirtualTreesR;FireDACMSAccDriver;FireDACInfxDriver;fmxFireDAC;vclimg;madBasic_;TeeDB;FireDAC;emshosting;FireDACSqliteDriver;FireDACPgDriver;ibmonitor;FireDACASADriver;DBXOdbcDriver;FireDACTDataDriver;FMXTee;soaprtl;DbxCommonDriver;ibxpress;Tee;DataSnapServer;xmlrtl;DataSnapNativeClient;ibxbindings;fmxobj;FireDACDSDriver;soapmidas;rtl;emsserverresource;DbxClientDriver;vclwinx;DBXSybaseASADriver;madDisAsm_;CustomIPTransport;vcldsnap;GR32_R;bindcomp;appanalytics;DBXInformixDriver;IndyIPClient;bindcompvcl;TeeUI;dbxcds;VclSmp;adortl;FireDACODBCDriver;DataSnapIndy10ServerTransport;DataSnapProviderClient;dsnapxml;dbrtl;FireDACMongoDBDriver;IndyProtocols;inetdbxpress;fmxase;$(DCC_UsePackage)</DCC_UsePackage>
        <Manifest_File>(None)</Manifest_File>
        <UWP_DelphiLogo150>$(BDS)\bin\Artwork\Windows\UWP\delphi_UwpDefault_150.png</UWP_DelphiLogo150>
        <UWP_DelphiLogo44>$(BDS)\bin\Artwork\Windows\UWP\delphi_UwpDefault_44.png</UWP_DelphiLogo44>
        <VerInfo_Locale>1033</VerInfo_Locale>
    </PropertyGroup>
    <PropertyGroup Condition="'$(Cfg_1)'!=''">
        <DCC_DebugDCUs>true</DCC_DebugDCUs>
        <DCC_DebugInfoInExe>true</DCC_DebugInfoInExe>
        <DCC_Define>DEBUG;$(DCC_Define)</DCC_Define>
        <DCC_GenerateStackFrames>true</DCC_GenerateStackFrames>
        <DCC_Optimize>false</DCC_Optimize>
        <DCC_RemoteDebug>true</DCC_RemoteDebug>
    </PropertyGroup>
    <PropertyGroup Condition="'$(Cfg_1_Win32)'!=''">
        <DCC_RemoteDebug>false</DCC_RemoteDebug>
        <Debugger_RunParams>-p &quot;Cro2ss\Cro23ss.dat2&quot; -o </Debugger_RunParams>
        <VerInfo_Locale>1033</VerInfo_Locale>
    </PropertyGroup>
    <PropertyGroup Condition="'$(Cfg_2)'!=''">
        <DCC_DebugInformation>0</DCC_DebugInformation>
        <DCC_Define>RELEASE;$(DCC_Define)</DCC_Define>
        <DCC_LocalDebugSymbols>false</DCC_LocalDebugSymbols>
        <DCC_SymbolReferenceInfo>0</DCC_SymbolReferenceInfo>
    </PropertyGroup>
    <PropertyGroup Condition="'$(Cfg_2_Win32)'!=''">
        <VerInfo_Locale>1033</VerInfo_Locale>
    </PropertyGroup>
    <ItemGroup>
        <DelphiCompile Include="$(MainSource)">
            <MainSource>MainSource</MainSource>
        </DelphiCompile>
        <DCCReference Include="..\..\src\common\KM_Defaults.pas"/>
        <DCCReference Include="..\..\src\KM_Log.pas"/>
        <DCCReference Include="MapUtilTypes.pas"/>
        <DCCReference Include="ConsoleMain.pas"/>
        <BuildConfiguration Include="Base">
            <Key>Base</Key>
        </BuildConfiguration>
        <BuildConfiguration Include="Debug">
            <Key>Cfg_1</Key>
            <CfgParent>Base</CfgParent>
        </BuildConfiguration>
        <BuildConfiguration Include="Release">
            <Key>Cfg_2</Key>
            <CfgParent>Base</CfgParent>
        </BuildConfiguration>
    </ItemGroup>
    <ProjectExtensions>
        <Borland.Personality>Delphi.Personality.12</Borland.Personality>
        <Borland.ProjectType>Application</Borland.ProjectType>
        <BorlandProject>
            <Delphi.Personality>
                <Source>
                    <Source Name="MainSource">MapUtil.dpr</Source>
                </Source>
                <Excluded_Packages/>
            </Delphi.Personality>
            <Platforms>
                <Platform value="Linux64">False</Platform>
                <Platform value="Win32">True</Platform>
                <Platform value="Win64">False</Platform>
            </Platforms>
        </BorlandProject>
        <ProjectFileVersion>12</ProjectFileVersion>
    </ProjectExtensions>
    <Import Project="$(BDS)\Bin\CodeGear.Delphi.Targets" Condition="Exists('$(BDS)\Bin\CodeGear.Delphi.Targets')"/>
    <Import Project="$(APPDATA)\Embarcadero\$(BDSAPPDATABASEDIR)\$(PRODUCTVERSION)\UserTools.proj" Condition="Exists('$(APPDATA)\Embarcadero\$(BDSAPPDATABASEDIR)\$(PRODUCTVERSION)\UserTools.proj')"/>
    <Import Project="$(MSBuildProjectName).deployproj" Condition="Exists('$(MSBuildProjectName).deployproj')"/>
</Project>
